
Microsoft Visual Studio Solution File, Format Version 12.00
Project("{FAE04EC0-301F-11D3-BF4B-00C04F79EFBC}") = "AML_WEB", "AML_WEB.csproj", "{DC1761F0-3319-4EDD-A0C3-E8D9DABA0B88}"
EndProject
Global
	GlobalSection(SolutionConfigurationPlatforms) = preSolution
		Debug|Any CPU = Debug|Any CPU
		Release|Any CPU = Release|Any CPU
	EndGlobalSection
	GlobalSection(ProjectConfigurationPlatforms) = postSolution
		{DC1761F0-3319-4EDD-A0C3-E8D9DABA0B88}.Debug|Any CPU.ActiveCfg = Debug|Any CPU
		{DC1761F0-3319-4EDD-A0C3-E8D9DABA0B88}.Debug|Any CPU.Build.0 = Debug|Any CPU
		{DC1761F0-3319-4EDD-A0C3-E8D9DABA0B88}.Release|Any CPU.ActiveCfg = Release|Any CPU
		{DC1761F0-3319-4EDD-A0C3-E8D9DABA0B88}.Release|Any CPU.Build.0 = Release|Any CPU
	EndGlobalSection
EndGlobal
